
Microsoft Visual Studio Solution File, Format Version 12.00
# Visual Studio Version 17
VisualStudioVersion = 17.8.34330.188
MinimumVisualStudioVersion = 10.0.40219.1
Project("{FAE04EC0-301F-11D3-BF4B-00C04F79EFBC}") = "IPC_Demo_In", "IPC_Demo\IPC_Demo_In.csproj", "{811950DB-B16E-48A9-8A85-86B59503670C}"
EndProject
Project("{FAE04EC0-301F-11D3-BF4B-00C04F79EFBC}") = "IPC_Demo_Out", "IPC_Demo_Out\IPC_Demo_Out.csproj", "{4358D9EC-3DB5-4102-A18A-025B3850FA72}"
EndProject
Global
	GlobalSection(SolutionConfigurationPlatforms) = preSolution
		Debug|Any CPU = Debug|Any CPU
		Release|Any CPU = Release|Any CPU
	EndGlobalSection
	GlobalSection(ProjectConfigurationPlatforms) = postSolution
		{811950DB-B16E-48A9-8A85-86B59503670C}.Debug|Any CPU.ActiveCfg = Debug|Any CPU
		{811950DB-B16E-48A9-8A85-86B59503670C}.Debug|Any CPU.Build.0 = Debug|Any CPU
		{811950DB-B16E-48A9-8A85-86B59503670C}.Release|Any CPU.ActiveCfg = Release|Any CPU
		{811950DB-B16E-48A9-8A85-86B59503670C}.Release|Any CPU.Build.0 = Release|Any CPU
		{4358D9EC-3DB5-4102-A18A-025B3850FA72}.Debug|Any CPU.ActiveCfg = Debug|Any CPU
		{4358D9EC-3DB5-4102-A18A-025B3850FA72}.Debug|Any CPU.Build.0 = Debug|Any CPU
		{4358D9EC-3DB5-4102-A18A-025B3850FA72}.Release|Any CPU.ActiveCfg = Release|Any CPU
		{4358D9EC-3DB5-4102-A18A-025B3850FA72}.Release|Any CPU.Build.0 = Release|Any CPU
	EndGlobalSection
	GlobalSection(SolutionProperties) = preSolution
		HideSolutionNode = FALSE
	EndGlobalSection
	GlobalSection(ExtensibilityGlobals) = postSolution
		SolutionGuid = {C0E156F1-8AF2-4FC5-8810-529655565A3A}
	EndGlobalSection
EndGlobal
